
Microsoft Visual Studio Solution File, Format Version 12.00
# Visual Studio Version 17
VisualStudioVersion = 17.1.32328.378
MinimumVisualStudioVersion = 10.0.40219.1
Project("{FAE04EC0-301F-11D3-BF4B-00C04F79EFBC}") = "CacheClassLibrary", "CacheClassLibrary.csproj", "{642A939D-51F9-465D-B058-CB85F9C5EEFE}"
EndProject
Project("{FAE04EC0-301F-11D3-BF4B-00C04F79EFBC}") = "Test_CacheClassLibrary", "..\Test_CacheClassLibrary\Test_CacheClassLibrary.csproj", "{737F3E13-D204-43A1-B961-C222C4EBBEC0}"
EndProject
Global
	GlobalSection(SolutionConfigurationPlatforms) = preSolution
		Debug|Any CPU = Debug|Any CPU
		Release|Any CPU = Release|Any CPU
	EndGlobalSection
	GlobalSection(ProjectConfigurationPlatforms) = postSolution
		{642A939D-51F9-465D-B058-CB85F9C5EEFE}.Debug|Any CPU.ActiveCfg = Debug|Any CPU
		{642A939D-51F9-465D-B058-CB85F9C5EEFE}.Debug|Any CPU.Build.0 = Debug|Any CPU
		{642A939D-51F9-465D-B058-CB85F9C5EEFE}.Release|Any CPU.ActiveCfg = Release|Any CPU
		{642A939D-51F9-465D-B058-CB85F9C5EEFE}.Release|Any CPU.Build.0 = Release|Any CPU
		{737F3E13-D204-43A1-B961-C222C4EBBEC0}.Debug|Any CPU.ActiveCfg = Debug|Any CPU
		{737F3E13-D204-43A1-B961-C222C4EBBEC0}.Debug|Any CPU.Build.0 = Debug|Any CPU
		{737F3E13-D204-43A1-B961-C222C4EBBEC0}.Release|Any CPU.ActiveCfg = Release|Any CPU
		{737F3E13-D204-43A1-B961-C222C4EBBEC0}.Release|Any CPU.Build.0 = Release|Any CPU
	EndGlobalSection
	GlobalSection(SolutionProperties) = preSolution
		HideSolutionNode = FALSE
	EndGlobalSection
	GlobalSection(ExtensibilityGlobals) = postSolution
		SolutionGuid = {34281B6D-F69B-4A27-A394-457C81995FB5}
	EndGlobalSection
EndGlobal
